
Microsoft Visual Studio Solution File, Format Version 12.00
# Visual Studio Version 17
VisualStudioVersion = 17.9.34902.65
MinimumVisualStudioVersion = 10.0.40219.1
Project("{2150E333-8FDC-42A3-9474-1A3956D46DE8}") = "01-Customer", "01-Customer", "{499F1E56-B41A-4B20-B623-C5CCAB2713A9}"
EndProject
Project("{2150E333-8FDC-42A3-9474-1A3956D46DE8}") = "02-Kernels", "02-Kernels", "{F11AFFC2-94AF-4B8A-A16F-C8EECAE4A55B}"
EndProject
Project("{2150E333-8FDC-42A3-9474-1A3956D46DE8}") = "03-Framework", "03-Framework", "{E418C835-4075-45A5-8EB5-0A77217DB545}"
EndProject
Project("{2150E333-8FDC-42A3-9474-1A3956D46DE8}") = "01-FronEnd", "01-FronEnd", "{2780F3B0-A1E2-44C8-885F-AA340D340621}"
EndProject
Project("{2150E333-8FDC-42A3-9474-1A3956D46DE8}") = "03-Application", "03-Application", "{AC9A5AC3-6F6C-4759-8492-D09D18E65CE2}"
EndProject
Project("{2150E333-8FDC-42A3-9474-1A3956D46DE8}") = "04-Domain", "04-Domain", "{EEA59BC6-3E41-4778-8D5C-4FDA14DA3D44}"
EndProject
Project("{2150E333-8FDC-42A3-9474-1A3956D46DE8}") = "05-Infrastructure", "05-Infrastructure", "{1B290955-6336-4E57-8064-1FE7E0F0B8B7}"
EndProject
Project("{2150E333-8FDC-42A3-9474-1A3956D46DE8}") = "SimpleERP", "SimpleERP", "{DF0E7EA3-75B4-42C4-8C66-2D54082D2075}"
EndProject
Project("{2150E333-8FDC-42A3-9474-1A3956D46DE8}") = "MachineVision", "MachineVision", "{A2FF700F-6615-43DE-8162-5E68AE2A420D}"
EndProject
Project("{2150E333-8FDC-42A3-9474-1A3956D46DE8}") = "05-Infrastructure", "05-Infrastructure", "{039F0BC3-9DB7-4F5D-BDD9-04D11B6C8B0D}"
EndProject
Project("{2150E333-8FDC-42A3-9474-1A3956D46DE8}") = "04-Domain", "04-Domain", "{BDD4E615-555B-4D7E-9BBA-B6E6425A931E}"
EndProject
Project("{2150E333-8FDC-42A3-9474-1A3956D46DE8}") = "01-FronEnd", "01-FronEnd", "{C347F3CE-E2B9-43F6-BC4E-A73764010E11}"
EndProject
Project("{2150E333-8FDC-42A3-9474-1A3956D46DE8}") = "03-Application", "03-Application", "{8229FA51-7683-4C21-B7EC-E94F122424EE}"
EndProject
Project("{2150E333-8FDC-42A3-9474-1A3956D46DE8}") = "01-FronEnd", "01-FronEnd", "{50C8D8DD-6A4F-48DE-B140-7C83274DD32C}"
EndProject
Project("{2150E333-8FDC-42A3-9474-1A3956D46DE8}") = "05-Repository", "05-Repository", "{65F40F71-30BA-44CC-ABB9-354CE54B3119}"
EndProject
Project("{2150E333-8FDC-42A3-9474-1A3956D46DE8}") = "03-Application", "03-Application", "{54C8242F-8F55-4873-9069-7351064DA2B5}"
EndProject
Project("{2150E333-8FDC-42A3-9474-1A3956D46DE8}") = "04-Domain", "04-Domain", "{A98857E2-2576-4832-B49A-AFBADB5190F6}"
EndProject
Project("{2150E333-8FDC-42A3-9474-1A3956D46DE8}") = "05-Infrastructure", "05-Infrastructure", "{495CCE8C-FACB-413E-A49C-8B92A52BC8AD}"
EndProject
Project("{2150E333-8FDC-42A3-9474-1A3956D46DE8}") = "01-FronEnd", "01-FronEnd", "{3A726F1A-C349-4810-A08F-FFFB792B32D7}"
EndProject
Project("{2150E333-8FDC-42A3-9474-1A3956D46DE8}") = "04-Domain", "04-Domain", "{974D03B4-1719-4E5D-9261-6292F040815B}"
EndProject
Project("{2150E333-8FDC-42A3-9474-1A3956D46DE8}") = "03-Application", "03-Application", "{5D9889A6-E957-4B37-A120-6FDE9BB28098}"
EndProject
Project("{2150E333-8FDC-42A3-9474-1A3956D46DE8}") = "Customer01", "Customer01", "{1E56EB88-4D7A-4E96-8A85-857F9883E78D}"
EndProject
Project("{2150E333-8FDC-42A3-9474-1A3956D46DE8}") = "Customer02", "Customer02", "{39E94848-1706-4CA1-ADE7-1E84836AC060}"
EndProject
Project("{9A19103F-16F7-4668-BE54-9A1E7A4F7556}") = "Trench.Fwk.Domain.Contracts", "30-Framework\Trench.Fwk.Domain.Contracts\Trench.Fwk.Domain.Contracts.csproj", "{3BE8D622-F961-4361-9138-6461C3C45C87}"
EndProject
Project("{9A19103F-16F7-4668-BE54-9A1E7A4F7556}") = "Trench.Fwk.Domain.Data", "30-Framework\Trench.Fwk.Domain.Data\Trench.Fwk.Domain.Data.csproj", "{DADF8077-E7DE-4FA6-AA13-228806C799FB}"
EndProject
Project("{FAE04EC0-301F-11D3-BF4B-00C04F79EFBC}") = "Trench.Fwk.Domain", "30-Framework\Trench.Fwk.Domain\Trench.Fwk.Domain.csproj", "{2D440F66-BB35-4BAF-BB34-A3D86F6EEB04}"
EndProject
Project("{FAE04EC0-301F-11D3-BF4B-00C04F79EFBC}") = "Trench.Fwk.Domain.Repository.Contracts", "30-Framework\Trench.Fwk.Domain.Repository.Contracts\Trench.Fwk.Domain.Repository.Contracts.csproj", "{FB6001A8-48D3-41F0-869F-250CF3C0173D}"
EndProject
Project("{FAE04EC0-301F-11D3-BF4B-00C04F79EFBC}") = "MV.Kernel.Domain.Contracts", "20-Kernels\MachineVision\MV.Kernel.Domain.Contracts\MV.Kernel.Domain.Contracts.csproj", "{CD323EF2-D53C-4F40-AD3F-1295DD53BBD4}"
EndProject
Project("{FAE04EC0-301F-11D3-BF4B-00C04F79EFBC}") = "MV.Kernel.Domain", "MV.Kernel.Domain\MV.Kernel.Domain.csproj", "{37590B4B-0736-449E-BF5B-AD6D71EE1BDC}"
EndProject
Global
	GlobalSection(SolutionConfigurationPlatforms) = preSolution
		Debug|Any CPU = Debug|Any CPU
		Release|Any CPU = Release|Any CPU
	EndGlobalSection
	GlobalSection(ProjectConfigurationPlatforms) = postSolution
		{3BE8D622-F961-4361-9138-6461C3C45C87}.Debug|Any CPU.ActiveCfg = Debug|Any CPU
		{3BE8D622-F961-4361-9138-6461C3C45C87}.Debug|Any CPU.Build.0 = Debug|Any CPU
		{3BE8D622-F961-4361-9138-6461C3C45C87}.Release|Any CPU.ActiveCfg = Release|Any CPU
		{3BE8D622-F961-4361-9138-6461C3C45C87}.Release|Any CPU.Build.0 = Release|Any CPU
		{DADF8077-E7DE-4FA6-AA13-228806C799FB}.Debug|Any CPU.ActiveCfg = Debug|Any CPU
		{DADF8077-E7DE-4FA6-AA13-228806C799FB}.Debug|Any CPU.Build.0 = Debug|Any CPU
		{DADF8077-E7DE-4FA6-AA13-228806C799FB}.Release|Any CPU.ActiveCfg = Release|Any CPU
		{DADF8077-E7DE-4FA6-AA13-228806C799FB}.Release|Any CPU.Build.0 = Release|Any CPU
		{2D440F66-BB35-4BAF-BB34-A3D86F6EEB04}.Debug|Any CPU.ActiveCfg = Debug|Any CPU
		{2D440F66-BB35-4BAF-BB34-A3D86F6EEB04}.Debug|Any CPU.Build.0 = Debug|Any CPU
		{2D440F66-BB35-4BAF-BB34-A3D86F6EEB04}.Release|Any CPU.ActiveCfg = Release|Any CPU
		{2D440F66-BB35-4BAF-BB34-A3D86F6EEB04}.Release|Any CPU.Build.0 = Release|Any CPU
		{FB6001A8-48D3-41F0-869F-250CF3C0173D}.Debug|Any CPU.ActiveCfg = Debug|Any CPU
		{FB6001A8-48D3-41F0-869F-250CF3C0173D}.Debug|Any CPU.Build.0 = Debug|Any CPU
		{FB6001A8-48D3-41F0-869F-250CF3C0173D}.Release|Any CPU.ActiveCfg = Release|Any CPU
		{FB6001A8-48D3-41F0-869F-250CF3C0173D}.Release|Any CPU.Build.0 = Release|Any CPU
		{CD323EF2-D53C-4F40-AD3F-1295DD53BBD4}.Debug|Any CPU.ActiveCfg = Debug|Any CPU
		{CD323EF2-D53C-4F40-AD3F-1295DD53BBD4}.Debug|Any CPU.Build.0 = Debug|Any CPU
		{CD323EF2-D53C-4F40-AD3F-1295DD53BBD4}.Release|Any CPU.ActiveCfg = Release|Any CPU
		{CD323EF2-D53C-4F40-AD3F-1295DD53BBD4}.Release|Any CPU.Build.0 = Release|Any CPU
		{37590B4B-0736-449E-BF5B-AD6D71EE1BDC}.Debug|Any CPU.ActiveCfg = Debug|Any CPU
		{37590B4B-0736-449E-BF5B-AD6D71EE1BDC}.Debug|Any CPU.Build.0 = Debug|Any CPU
		{37590B4B-0736-449E-BF5B-AD6D71EE1BDC}.Release|Any CPU.ActiveCfg = Release|Any CPU
		{37590B4B-0736-449E-BF5B-AD6D71EE1BDC}.Release|Any CPU.Build.0 = Release|Any CPU
	EndGlobalSection
	GlobalSection(SolutionProperties) = preSolution
		HideSolutionNode = FALSE
	EndGlobalSection
	GlobalSection(NestedProjects) = preSolution
		{2780F3B0-A1E2-44C8-885F-AA340D340621} = {1E56EB88-4D7A-4E96-8A85-857F9883E78D}
		{AC9A5AC3-6F6C-4759-8492-D09D18E65CE2} = {1E56EB88-4D7A-4E96-8A85-857F9883E78D}
		{EEA59BC6-3E41-4778-8D5C-4FDA14DA3D44} = {1E56EB88-4D7A-4E96-8A85-857F9883E78D}
		{1B290955-6336-4E57-8064-1FE7E0F0B8B7} = {1E56EB88-4D7A-4E96-8A85-857F9883E78D}
		{DF0E7EA3-75B4-42C4-8C66-2D54082D2075} = {F11AFFC2-94AF-4B8A-A16F-C8EECAE4A55B}
		{A2FF700F-6615-43DE-8162-5E68AE2A420D} = {F11AFFC2-94AF-4B8A-A16F-C8EECAE4A55B}
		{039F0BC3-9DB7-4F5D-BDD9-04D11B6C8B0D} = {A2FF700F-6615-43DE-8162-5E68AE2A420D}
		{BDD4E615-555B-4D7E-9BBA-B6E6425A931E} = {A2FF700F-6615-43DE-8162-5E68AE2A420D}
		{C347F3CE-E2B9-43F6-BC4E-A73764010E11} = {A2FF700F-6615-43DE-8162-5E68AE2A420D}
		{8229FA51-7683-4C21-B7EC-E94F122424EE} = {A2FF700F-6615-43DE-8162-5E68AE2A420D}
		{50C8D8DD-6A4F-48DE-B140-7C83274DD32C} = {DF0E7EA3-75B4-42C4-8C66-2D54082D2075}
		{65F40F71-30BA-44CC-ABB9-354CE54B3119} = {DF0E7EA3-75B4-42C4-8C66-2D54082D2075}
		{54C8242F-8F55-4873-9069-7351064DA2B5} = {DF0E7EA3-75B4-42C4-8C66-2D54082D2075}
		{A98857E2-2576-4832-B49A-AFBADB5190F6} = {DF0E7EA3-75B4-42C4-8C66-2D54082D2075}
		{495CCE8C-FACB-413E-A49C-8B92A52BC8AD} = {E418C835-4075-45A5-8EB5-0A77217DB545}
		{3A726F1A-C349-4810-A08F-FFFB792B32D7} = {E418C835-4075-45A5-8EB5-0A77217DB545}
		{974D03B4-1719-4E5D-9261-6292F040815B} = {E418C835-4075-45A5-8EB5-0A77217DB545}
		{5D9889A6-E957-4B37-A120-6FDE9BB28098} = {E418C835-4075-45A5-8EB5-0A77217DB545}
		{1E56EB88-4D7A-4E96-8A85-857F9883E78D} = {499F1E56-B41A-4B20-B623-C5CCAB2713A9}
		{39E94848-1706-4CA1-ADE7-1E84836AC060} = {499F1E56-B41A-4B20-B623-C5CCAB2713A9}
		{3BE8D622-F961-4361-9138-6461C3C45C87} = {974D03B4-1719-4E5D-9261-6292F040815B}
		{DADF8077-E7DE-4FA6-AA13-228806C799FB} = {974D03B4-1719-4E5D-9261-6292F040815B}
		{2D440F66-BB35-4BAF-BB34-A3D86F6EEB04} = {974D03B4-1719-4E5D-9261-6292F040815B}
		{FB6001A8-48D3-41F0-869F-250CF3C0173D} = {974D03B4-1719-4E5D-9261-6292F040815B}
		{CD323EF2-D53C-4F40-AD3F-1295DD53BBD4} = {BDD4E615-555B-4D7E-9BBA-B6E6425A931E}
		{37590B4B-0736-449E-BF5B-AD6D71EE1BDC} = {BDD4E615-555B-4D7E-9BBA-B6E6425A931E}
	EndGlobalSection
	GlobalSection(ExtensibilityGlobals) = postSolution
		SolutionGuid = {1EAC0F71-8BAE-4E17-980A-9A7CB07C5D56}
	EndGlobalSection
EndGlobal
